# This file is autogenerated, do not edit; changes may be undone by the next 'dep ensure'.


[[projects]]
  branch = "master"
  name = "github.com/AsGz/httpAuthClient"
  packages = ["."]
  revision = "f04e6143e1ca3fdc3b56fa036e6fda4560ebb7b2"

[[projects]]
  name = "github.com/aymerick/raymond"
  packages = [".","ast","lexer","parser"]
  revision = "a2232af10b53ef1ae5a767f5178db3a6c1dab655"
  version = "v2.0.1"

[[projects]]
  branch = "master"
  name = "github.com/nu7hatch/gouuid"
  packages = ["."]
  revision = "179d4d0c4d8d407a32af483c2354df1d2c91e6c3"

[[projects]]
  name = "github.com/pivotal-cf/on-demand-services-sdk"
  packages = ["bosh","serviceadapter"]
  revision = "4636523ef47698917d8d1bcc420aa4d9dc389886"
  version = "v0.15.3"

[[projects]]
  name = "gopkg.in/go-playground/validator.v8"
  packages = ["."]
  revision = "5f57d2222ad794d0dffb07e664ea05e2ee07d60c"
  version = "v8.18.1"

[[projects]]
  branch = "v2"
  name = "gopkg.in/mgo.v2"
  packages = [".","bson","internal/json","internal/sasl","internal/scram"]
  revision = "3f83fa5005286a7fe593b055f0d7771a7dce4655"

[[projects]]
  branch = "v2"
  name = "gopkg.in/yaml.v2"
  packages = ["."]
  revision = "cd8b52f8269e0feb286dfeef29f8fe4d5b397e0b"

[solve-meta]
  analyzer-name = "dep"
  analyzer-version = 1
  inputs-digest = "fab0800176972f6c954bf7a950c584c8ed70985d97dbdfefaea09f0509399ec1"
  solver-name = "gps-cdcl"
  solver-version = 1
